// !$*UTF8*$!
{
	archiveVersion = 1;
	classes = {
	};
	objectVersion = 46;
	objects = {

/* Begin PBXBuildFile section */
		F910F4111D186454007E5C72 /* DeviceListTableViewController.swift in Sources */ = {isa = PBXBuildFile; fileRef = F910F4101D186454007E5C72 /* DeviceListTableViewController.swift */; };
		F910F41D1D18749F007E5C72 /* DeviceTableCell.swift in Sources */ = {isa = PBXBuildFile; fileRef = F910F41C1D18749F007E5C72 /* DeviceTableCell.swift */; };
		F9577CFA1D17F677005F7F25 /* UIViewControllerExtentions.swift in Sources */ = {isa = PBXBuildFile; fileRef = F9577CF91D17F677005F7F25 /* UIViewControllerExtentions.swift */; };
		FB0313AE1D31B9E600963588 /* GoogleService-Info.plist in Resources */ = {isa = PBXBuildFile; fileRef = FB0313AD1D31B9E600963588 /* GoogleService-Info.plist */; };
		FB2FEBB21D32B7540078F85C /* Device.swift in Sources */ = {isa = PBXBuildFile; fileRef = FB2FEBB11D32B7540078F85C /* Device.swift */; };
		FB3EA7A11D39488A00F237B8 /* SettingsViewController.swift in Sources */ = {isa = PBXBuildFile; fileRef = FB3EA7A01D39488A00F237B8 /* SettingsViewController.swift */; };
		FB7FAFC41D140EEC009EF911 /* AppDelegate.swift in Sources */ = {isa = PBXBuildFile; fileRef = FB7FAFC31D140EEC009EF911 /* AppDelegate.swift */; };
		FB7FAFC61D140EEC009EF911 /* LoginViewController.swift in Sources */ = {isa = PBXBuildFile; fileRef = FB7FAFC51D140EEC009EF911 /* LoginViewController.swift */; };
		FB7FAFC91D140EEC009EF911 /* Main.storyboard in Resources */ = {isa = PBXBuildFile; fileRef = FB7FAFC71D140EEC009EF911 /* Main.storyboard */; };
		FB7FAFCC1D140EEC009EF911 /* SmartHome.xcdatamodeld in Sources */ = {isa = PBXBuildFile; fileRef = FB7FAFCA1D140EEC009EF911 /* SmartHome.xcdatamodeld */; };
		FB7FAFCE1D140EEC009EF911 /* Assets.xcassets in Resources */ = {isa = PBXBuildFile; fileRef = FB7FAFCD1D140EEC009EF911 /* Assets.xcassets */; };
		FB7FAFD11D140EEC009EF911 /* LaunchScreen.storyboard in Resources */ = {isa = PBXBuildFile; fileRef = FB7FAFCF1D140EEC009EF911 /* LaunchScreen.storyboard */; };
/* End PBXBuildFile section */

/* Begin PBXFileReference section */
		42151545F1711CDA8057C917 /* Pods-SmartHome.release.xcconfig */ = {isa = PBXFileReference; includeInIndex = 1; lastKnownFileType = text.xcconfig; name = "Pods-SmartHome.release.xcconfig"; path = "Pods/Target Support Files/Pods-SmartHome/Pods-SmartHome.release.xcconfig"; sourceTree = "<group>"; };
		45AC2AF87019FC8A9A2EAB52 /* Pods-SmartHome.debug.xcconfig */ = {isa = PBXFileReference; includeInIndex = 1; lastKnownFileType = text.xcconfig; name = "Pods-SmartHome.debug.xcconfig"; path = "Pods/Target Support Files/Pods-SmartHome/Pods-SmartHome.debug.xcconfig"; sourceTree = "<group>"; };
		F910F4101D186454007E5C72 /* DeviceListTableViewController.swift */ = {isa = PBXFileReference; fileEncoding = 4; lastKnownFileType = sourcecode.swift; path = DeviceListTableViewController.swift; sourceTree = "<group>"; };
		F910F41C1D18749F007E5C72 /* DeviceTableCell.swift */ = {isa = PBXFileReference; fileEncoding = 4; lastKnownFileType = sourcecode.swift; path = DeviceTableCell.swift; sourceTree = "<group>"; };
		F9577CF91D17F677005F7F25 /* UIViewControllerExtentions.swift */ = {isa = PBXFileReference; fileEncoding = 4; lastKnownFileType = sourcecode.swift; path = UIViewControllerExtentions.swift; sourceTree = "<group>"; };
		FB0313AD1D31B9E600963588 /* GoogleService-Info.plist */ = {isa = PBXFileReference; fileEncoding = 4; lastKnownFileType = text.plist.xml; path = "GoogleService-Info.plist"; sourceTree = "<group>"; };
		FB091F011D312CC3003DEFAF /* Firebase.framework */ = {isa = PBXFileReference; lastKnownFileType = wrapper.framework; path = Firebase.framework; sourceTree = "<group>"; };
		FB2FEBB11D32B7540078F85C /* Device.swift */ = {isa = PBXFileReference; fileEncoding = 4; lastKnownFileType = sourcecode.swift; path = Device.swift; sourceTree = "<group>"; };
		FB3EA7A01D39488A00F237B8 /* SettingsViewController.swift */ = {isa = PBXFileReference; fileEncoding = 4; lastKnownFileType = sourcecode.swift; path = SettingsViewController.swift; sourceTree = "<group>"; };
		FB469E991D32A279007B72E1 /* libicucore.tbd */ = {isa = PBXFileReference; lastKnownFileType = "sourcecode.text-based-dylib-definition"; name = libicucore.tbd; path = usr/lib/libicucore.tbd; sourceTree = SDKROOT; };
		FB469EA21D32A285007B72E1 /* libc++.tbd */ = {isa = PBXFileReference; lastKnownFileType = "sourcecode.text-based-dylib-definition"; name = "libc++.tbd"; path = "usr/lib/libc++.tbd"; sourceTree = SDKROOT; };
		FB469EA41D32A296007B72E1 /* SmartHome */ = {isa = PBXFileReference; lastKnownFileType = folder; path = SmartHome; sourceTree = "<group>"; };
		FB7FAFC01D140EEC009EF911 /* SmartHome.app */ = {isa = PBXFileReference; explicitFileType = wrapper.application; includeInIndex = 0; path = SmartHome.app; sourceTree = BUILT_PRODUCTS_DIR; };
		FB7FAFC31D140EEC009EF911 /* AppDelegate.swift */ = {isa = PBXFileReference; lastKnownFileType = sourcecode.swift; path = AppDelegate.swift; sourceTree = "<group>"; };
		FB7FAFC51D140EEC009EF911 /* LoginViewController.swift */ = {isa = PBXFileReference; lastKnownFileType = sourcecode.swift; path = LoginViewController.swift; sourceTree = "<group>"; };
		FB7FAFC81D140EEC009EF911 /* Base */ = {isa = PBXFileReference; lastKnownFileType = file.storyboard; name = Base; path = Base.lproj/Main.storyboard; sourceTree = "<group>"; };
		FB7FAFCB1D140EEC009EF911 /* SmartHome.xcdatamodel */ = {isa = PBXFileReference; lastKnownFileType = wrapper.xcdatamodel; path = SmartHome.xcdatamodel; sourceTree = "<group>"; };
		FB7FAFCD1D140EEC009EF911 /* Assets.xcassets */ = {isa = PBXFileReference; lastKnownFileType = folder.assetcatalog; path = Assets.xcassets; sourceTree = "<group>"; };
		FB7FAFD01D140EEC009EF911 /* Base */ = {isa = PBXFileReference; lastKnownFileType = file.storyboard; name = Base; path = Base.lproj/LaunchScreen.storyboard; sourceTree = "<group>"; };
		FB7FAFD21D140EEC009EF911 /* Info.plist */ = {isa = PBXFileReference; lastKnownFileType = text.plist.xml; path = Info.plist; sourceTree = "<group>"; };
/* End PBXFileReference section */

/* Begin PBXFrameworksBuildPhase section */
		A048E3EB5EBC4332D8D6EF3F /* Frameworks */ = {
			isa = PBXFrameworksBuildPhase;
			buildActionMask = 2147483647;
			files = (
			);
			runOnlyForDeploymentPostprocessing = 0;
		};
/* End PBXFrameworksBuildPhase section */

/* Begin PBXGroup section */
		63FB89C1677339ECC94E8025 /* Pods */ = {
			isa = PBXGroup;
			children = (
				45AC2AF87019FC8A9A2EAB52 /* Pods-SmartHome.debug.xcconfig */,
				42151545F1711CDA8057C917 /* Pods-SmartHome.release.xcconfig */,
			);
			name = Pods;
			sourceTree = "<group>";
		};
		7B13997292C2987BAD4AF819 /* Frameworks */ = {
			isa = PBXGroup;
			children = (
				FB469EA41D32A296007B72E1 /* SmartHome */,
				FB469EA21D32A285007B72E1 /* libc++.tbd */,
				FB469E991D32A279007B72E1 /* libicucore.tbd */,
			);
			name = Frameworks;
			sourceTree = "<group>";
		};
		FB7FAFB71D140EEC009EF911 = {
			isa = PBXGroup;
			children = (
				FB0313AD1D31B9E600963588 /* GoogleService-Info.plist */,
				FB7FAFC21D140EEC009EF911 /* SmartHome */,
				FB7FAFC11D140EEC009EF911 /* Products */,
				63FB89C1677339ECC94E8025 /* Pods */,
				7B13997292C2987BAD4AF819 /* Frameworks */,
			);
			sourceTree = "<group>";
		};
		FB7FAFC11D140EEC009EF911 /* Products */ = {
			isa = PBXGroup;
			children = (
				FB7FAFC01D140EEC009EF911 /* SmartHome.app */,
			);
			name = Products;
			sourceTree = "<group>";
		};
		FB7FAFC21D140EEC009EF911 /* SmartHome */ = {
			isa = PBXGroup;
			children = (
				FB7FAFC31D140EEC009EF911 /* AppDelegate.swift */,
				F9577CF91D17F677005F7F25 /* UIViewControllerExtentions.swift */,
				FB7FAFCF1D140EEC009EF911 /* LaunchScreen.storyboard */,
				FB7FAFC71D140EEC009EF911 /* Main.storyboard */,
				FB7FAFCD1D140EEC009EF911 /* Assets.xcassets */,
				F910F4101D186454007E5C72 /* DeviceListTableViewController.swift */,
				FB7FAFC51D140EEC009EF911 /* LoginViewController.swift */,
				FB7FAFD21D140EEC009EF911 /* Info.plist */,
				FB7FAFCA1D140EEC009EF911 /* SmartHome.xcdatamodeld */,
				F910F41C1D18749F007E5C72 /* DeviceTableCell.swift */,
				FB091F011D312CC3003DEFAF /* Firebase.framework */,
				FB2FEBB11D32B7540078F85C /* Device.swift */,
				FB3EA7A01D39488A00F237B8 /* SettingsViewController.swift */,
			);
			path = SmartHome;
			sourceTree = "<group>";
		};
/* End PBXGroup section */

/* Begin PBXNativeTarget section */
		FB7FAFBF1D140EEC009EF911 /* SmartHome */ = {
			isa = PBXNativeTarget;
			buildConfigurationList = FB7FAFD51D140EEC009EF911 /* Build configuration list for PBXNativeTarget "SmartHome" */;
			buildPhases = (
				7528011C91E01A26DA88CFB8 /* [CP] Check Pods Manifest.lock */,
				FB7FAFBC1D140EEC009EF911 /* Sources */,
				FB7FAFBE1D140EEC009EF911 /* Resources */,
				9A28AC8C39BFE3A0AEFEAAC8 /* [CP] Embed Pods Frameworks */,
				C051DC02FE6A3E8244B11C1F /* [CP] Copy Pods Resources */,
				A048E3EB5EBC4332D8D6EF3F /* Frameworks */,
			);
			buildRules = (
			);
			dependencies = (
			);
			name = SmartHome;
			productName = SmartHome;
			productReference = FB7FAFC01D140EEC009EF911 /* SmartHome.app */;
			productType = "com.apple.product-type.application";
		};
/* End PBXNativeTarget section */

/* Begin PBXProject section */
		FB7FAFB81D140EEC009EF911 /* Project object */ = {
			isa = PBXProject;
			attributes = {
				LastSwiftUpdateCheck = 0720;
				LastUpgradeCheck = 0720;
				ORGANIZATIONNAME = "omri ios";
				TargetAttributes = {
					FB7FAFBF1D140EEC009EF911 = {
						CreatedOnToolsVersion = 7.2.1;
					};
				};
			};
			buildConfigurationList = FB7FAFBB1D140EEC009EF911 /* Build configuration list for PBXProject "SmartHome" */;
			compatibilityVersion = "Xcode 3.2";
			developmentRegion = English;
			hasScannedForEncodings = 0;
			knownRegions = (
				en,
				Base,
			);
			mainGroup = FB7FAFB71D140EEC009EF911;
			productRefGroup = FB7FAFC11D140EEC009EF911 /* Products */;
			projectDirPath = "";
			projectRoot = "";
			targets = (
				FB7FAFBF1D140EEC009EF911 /* SmartHome */,
			);
		};
/* End PBXProject section */

/* Begin PBXResourcesBuildPhase section */
		FB7FAFBE1D140EEC009EF911 /* Resources */ = {
			isa = PBXResourcesBuildPhase;
			buildActionMask = 2147483647;
			files = (
				FB7FAFD11D140EEC009EF911 /* LaunchScreen.storyboard in Resources */,
				FB0313AE1D31B9E600963588 /* GoogleService-Info.plist in Resources */,
				FB7FAFCE1D140EEC009EF911 /* Assets.xcassets in Resources */,
				FB7FAFC91D140EEC009EF911 /* Main.storyboard in Resources */,
			);
			runOnlyForDeploymentPostprocessing = 0;
		};
/* End PBXResourcesBuildPhase section */

/* Begin PBXShellScriptBuildPhase section */
		7528011C91E01A26DA88CFB8 /* [CP] Check Pods Manifest.lock */ = {
			isa = PBXShellScriptBuildPhase;
			buildActionMask = 2147483647;
			files = (
			);
			inputPaths = (
			);
			name = "[CP] Check Pods Manifest.lock";
			outputPaths = (
			);
			runOnlyForDeploymentPostprocessing = 0;
			shellPath = /bin/sh;
			shellScript = "diff \"${PODS_ROOT}/../Podfile.lock\" \"${PODS_ROOT}/Manifest.lock\" > /dev/null\nif [[ $? != 0 ]] ; then\n    cat << EOM\nerror: The sandbox is not in sync with the Podfile.lock. Run 'pod install' or update your CocoaPods installation.\nEOM\n    exit 1\nfi\n";
			showEnvVarsInLog = 0;
		};
		9A28AC8C39BFE3A0AEFEAAC8 /* [CP] Embed Pods Frameworks */ = {
			isa = PBXShellScriptBuildPhase;
			buildActionMask = 2147483647;
			files = (
			);
			inputPaths = (
			);
			name = "[CP] Embed Pods Frameworks";
			outputPaths = (
			);
			runOnlyForDeploymentPostprocessing = 0;
			shellPath = /bin/sh;
			shellScript = "\"${SRCROOT}/Pods/Target Support Files/Pods-SmartHome/Pods-SmartHome-frameworks.sh\"\n";
			showEnvVarsInLog = 0;
		};
		C051DC02FE6A3E8244B11C1F /* [CP] Copy Pods Resources */ = {
			isa = PBXShellScriptBuildPhase;
			buildActionMask = 2147483647;
			files = (
			);
			inputPaths = (
			);
			name = "[CP] Copy Pods Resources";
			outputPaths = (
			);
			runOnlyForDeploymentPostprocessing = 0;
			shellPath = /bin/sh;
			shellScript = "\"${SRCROOT}/Pods/Target Support Files/Pods-SmartHome/Pods-SmartHome-resources.sh\"\n";
			showEnvVarsInLog = 0;
		};
/* End PBXShellScriptBuildPhase section */

/* Begin PBXSourcesBuildPhase section */
		FB7FAFBC1D140EEC009EF911 /* Sources */ = {
			isa = PBXSourcesBuildPhase;
			buildActionMask = 2147483647;
			files = (
				F9577CFA1D17F677005F7F25 /* UIViewControllerExtentions.swift in Sources */,
				F910F4111D186454007E5C72 /* DeviceListTableViewController.swift in Sources */,
				F910F41D1D18749F007E5C72 /* DeviceTableCell.swift in Sources */,
				FB7FAFCC1D140EEC009EF911 /* SmartHome.xcdatamodeld in Sources */,
				FB7FAFC61D140EEC009EF911 /* LoginViewController.swift in Sources */,
				FB2FEBB21D32B7540078F85C /* Device.swift in Sources */,
				FB7FAFC41D140EEC009EF911 /* AppDelegate.swift in Sources */,
				FB3EA7A11D39488A00F237B8 /* SettingsViewController.swift in Sources */,
			);
			runOnlyForDeploymentPostprocessing = 0;
		};
/* End PBXSourcesBuildPhase section */

/* Begin PBXVariantGroup section */
		FB7FAFC71D140EEC009EF911 /* Main.storyboard */ = {
			isa = PBXVariantGroup;
			children = (
				FB7FAFC81D140EEC009EF911 /* Base */,
			);
			name = Main.storyboard;
			sourceTree = "<group>";
		};
		FB7FAFCF1D140EEC009EF911 /* LaunchScreen.storyboard */ = {
			isa = PBXVariantGroup;
			children = (
				FB7FAFD01D140EEC009EF911 /* Base */,
			);
			name = LaunchScreen.storyboard;
			sourceTree = "<group>";
		};
/* End PBXVariantGroup section */

/* Begin XCBuildConfiguration section */
		FB7FAFD31D140EEC009EF911 /* Debug */ = {
			isa = XCBuildConfiguration;
			buildSettings = {
				ALWAYS_SEARCH_USER_PATHS = NO;
				CLANG_CXX_LANGUAGE_STANDARD = "gnu++0x";
				CLANG_CXX_LIBRARY = "libc++";
				CLANG_ENABLE_MODULES = YES;
				CLANG_ENABLE_OBJC_ARC = YES;
				CLANG_WARN_BOOL_CONVERSION = YES;
				CLANG_WARN_CONSTANT_CONVERSION = YES;
				CLANG_WARN_DIRECT_OBJC_ISA_USAGE = YES_ERROR;
				CLANG_WARN_EMPTY_BODY = YES;
				CLANG_WARN_ENUM_CONVERSION = YES;
				CLANG_WARN_INT_CONVERSION = YES;
				CLANG_WARN_OBJC_ROOT_CLASS = YES_ERROR;
				CLANG_WARN_UNREACHABLE_CODE = YES;
				CLANG_WARN__DUPLICATE_METHOD_MATCH = YES;
				"CODE_SIGN_IDENTITY[sdk=iphoneos*]" = "iPhone Developer";
				COPY_PHASE_STRIP = NO;
				DEBUG_INFORMATION_FORMAT = dwarf;
				ENABLE_STRICT_OBJC_MSGSEND = YES;
				ENABLE_TESTABILITY = YES;
				GCC_C_LANGUAGE_STANDARD = gnu99;
				GCC_DYNAMIC_NO_PIC = NO;
				GCC_NO_COMMON_BLOCKS = YES;
				GCC_OPTIMIZATION_LEVEL = 0;
				GCC_PREPROCESSOR_DEFINITIONS = (
					"DEBUG=1",
					"$(inherited)",
				);
				GCC_WARN_64_TO_32_BIT_CONVERSION = YES;
				GCC_WARN_ABOUT_RETURN_TYPE = YES_ERROR;
				GCC_WARN_UNDECLARED_SELECTOR = YES;
				GCC_WARN_UNINITIALIZED_AUTOS = YES_AGGRESSIVE;
				GCC_WARN_UNUSED_FUNCTION = YES;
				GCC_WARN_UNUSED_VARIABLE = YES;
				IPHONEOS_DEPLOYMENT_TARGET = 9.2;
				MTL_ENABLE_DEBUG_INFO = YES;
				ONLY_ACTIVE_ARCH = YES;
				SDKROOT = iphoneos;
				SWIFT_OPTIMIZATION_LEVEL = "-Onone";
				TARGETED_DEVICE_FAMILY = "1,2";
			};
			name = Debug;
		};
		FB7FAFD41D140EEC009EF911 /* Release */ = {
			isa = XCBuildConfiguration;
			buildSettings = {
				ALWAYS_SEARCH_USER_PATHS = NO;
				CLANG_CXX_LANGUAGE_STANDARD = "gnu++0x";
				CLANG_CXX_LIBRARY = "libc++";
				CLANG_ENABLE_MODULES = YES;
				CLANG_ENABLE_OBJC_ARC = YES;
				CLANG_WARN_BOOL_CONVERSION = YES;
				CLANG_WARN_CONSTANT_CONVERSION = YES;
				CLANG_WARN_DIRECT_OBJC_ISA_USAGE = YES_ERROR;
				CLANG_WARN_EMPTY_BODY = YES;
				CLANG_WARN_ENUM_CONVERSION = YES;
				CLANG_WARN_INT_CONVERSION = YES;
				CLANG_WARN_OBJC_ROOT_CLASS = YES_ERROR;
				CLANG_WARN_UNREACHABLE_CODE = YES;
				CLANG_WARN__DUPLICATE_METHOD_MATCH = YES;
				"CODE_SIGN_IDENTITY[sdk=iphoneos*]" = "iPhone Developer";
				COPY_PHASE_STRIP = NO;
				DEBUG_INFORMATION_FORMAT = "dwarf-with-dsym";
				ENABLE_NS_ASSERTIONS = NO;
				ENABLE_STRICT_OBJC_MSGSEND = YES;
				GCC_C_LANGUAGE_STANDARD = gnu99;
				GCC_NO_COMMON_BLOCKS = YES;
				GCC_WARN_64_TO_32_BIT_CONVERSION = YES;
				GCC_WARN_ABOUT_RETURN_TYPE = YES_ERROR;
				GCC_WARN_UNDECLARED_SELECTOR = YES;
				GCC_WARN_UNINITIALIZED_AUTOS = YES_AGGRESSIVE;
				GCC_WARN_UNUSED_FUNCTION = YES;
				GCC_WARN_UNUSED_VARIABLE = YES;
				IPHONEOS_DEPLOYMENT_TARGET = 9.2;
				MTL_ENABLE_DEBUG_INFO = NO;
				SDKROOT = iphoneos;
				TARGETED_DEVICE_FAMILY = "1,2";
				VALIDATE_PRODUCT = YES;
			};
			name = Release;
		};
		FB7FAFD61D140EEC009EF911 /* Debug */ = {
			isa = XCBuildConfiguration;
			baseConfigurationReference = 45AC2AF87019FC8A9A2EAB52 /* Pods-SmartHome.debug.xcconfig */;
			buildSettings = {
				ASSETCATALOG_COMPILER_APPICON_NAME = AppIcon;
				FRAMEWORK_SEARCH_PATHS = (
					"$(inherited)",
					"$(PROJECT_DIR)/SmartHome",
				);
				INFOPLIST_FILE = SmartHome/Info.plist;
				LD_RUNPATH_SEARCH_PATHS = "$(inherited) @executable_path/Frameworks";
				PRODUCT_BUNDLE_IDENTIFIER = omri.SmartHome;
				PRODUCT_NAME = "$(TARGET_NAME)";
			};
			name = Debug;
		};
		FB7FAFD71D140EEC009EF911 /* Release */ = {
			isa = XCBuildConfiguration;
			baseConfigurationReference = 42151545F1711CDA8057C917 /* Pods-SmartHome.release.xcconfig */;
			buildSettings = {
				ASSETCATALOG_COMPILER_APPICON_NAME = AppIcon;
				FRAMEWORK_SEARCH_PATHS = (
					"$(inherited)",
					"$(PROJECT_DIR)/SmartHome",
				);
				INFOPLIST_FILE = SmartHome/Info.plist;
				LD_RUNPATH_SEARCH_PATHS = "$(inherited) @executable_path/Frameworks";
				PRODUCT_BUNDLE_IDENTIFIER = omri.SmartHome;
				PRODUCT_NAME = "$(TARGET_NAME)";
			};
			name = Release;
		};
/* End XCBuildConfiguration section */

/* Begin XCConfigurationList section */
		FB7FAFBB1D140EEC009EF911 /* Build configuration list for PBXProject "SmartHome" */ = {
			isa = XCConfigurationList;
			buildConfigurations = (
				FB7FAFD31D140EEC009EF911 /* Debug */,
				FB7FAFD41D140EEC009EF911 /* Release */,
			);
			defaultConfigurationIsVisible = 0;
			defaultConfigurationName = Release;
		};
		FB7FAFD51D140EEC009EF911 /* Build configuration list for PBXNativeTarget "SmartHome" */ = {
			isa = XCConfigurationList;
			buildConfigurations = (
				FB7FAFD61D140EEC009EF911 /* Debug */,
				FB7FAFD71D140EEC009EF911 /* Release */,
			);
			defaultConfigurationIsVisible = 0;
			defaultConfigurationName = Release;
		};
/* End XCConfigurationList section */

/* Begin XCVersionGroup section */
		FB7FAFCA1D140EEC009EF911 /* SmartHome.xcdatamodeld */ = {
			isa = XCVersionGroup;
			children = (
				FB7FAFCB1D140EEC009EF911 /* SmartHome.xcdatamodel */,
			);
			currentVersion = FB7FAFCB1D140EEC009EF911 /* SmartHome.xcdatamodel */;
			path = SmartHome.xcdatamodeld;
			sourceTree = "<group>";
			versionGroupType = wrapper.xcdatamodel;
		};
/* End XCVersionGroup section */
	};
	rootObject = FB7FAFB81D140EEC009EF911 /* Project object */;
}
