// !$*UTF8*$!
{
	archiveVersion = 1;
	classes = {
	};
	objectVersion = 46;
	objects = {

/* Begin PBXBuildFile section */
		F910F40F1D184FC9007E5C72 /* Alamofire.framework in CopyFiles */ = {isa = PBXBuildFile; fileRef = F910F3FF1D184E64007E5C72 /* Alamofire.framework */; settings = {ATTRIBUTES = (CodeSignOnCopy, RemoveHeadersOnCopy, ); }; };
		F910F4111D186454007E5C72 /* DeviceListTableViewController.swift in Sources */ = {isa = PBXBuildFile; fileRef = F910F4101D186454007E5C72 /* DeviceListTableViewController.swift */; };
		F910F41D1D18749F007E5C72 /* DeviceTableCell.swift in Sources */ = {isa = PBXBuildFile; fileRef = F910F41C1D18749F007E5C72 /* DeviceTableCell.swift */; };
		F9577CFA1D17F677005F7F25 /* UIViewControllerExtentions.swift in Sources */ = {isa = PBXBuildFile; fileRef = F9577CF91D17F677005F7F25 /* UIViewControllerExtentions.swift */; };
		F9F1405D1D19D829002DF211 /* Device.swift in Sources */ = {isa = PBXBuildFile; fileRef = F9F1405C1D19D829002DF211 /* Device.swift */; };
		FB7FAFC41D140EEC009EF911 /* AppDelegate.swift in Sources */ = {isa = PBXBuildFile; fileRef = FB7FAFC31D140EEC009EF911 /* AppDelegate.swift */; };
		FB7FAFC61D140EEC009EF911 /* LoginViewController.swift in Sources */ = {isa = PBXBuildFile; fileRef = FB7FAFC51D140EEC009EF911 /* LoginViewController.swift */; };
		FB7FAFC91D140EEC009EF911 /* Main.storyboard in Resources */ = {isa = PBXBuildFile; fileRef = FB7FAFC71D140EEC009EF911 /* Main.storyboard */; };
		FB7FAFCC1D140EEC009EF911 /* SmartHome.xcdatamodeld in Sources */ = {isa = PBXBuildFile; fileRef = FB7FAFCA1D140EEC009EF911 /* SmartHome.xcdatamodeld */; };
		FB7FAFCE1D140EEC009EF911 /* Assets.xcassets in Resources */ = {isa = PBXBuildFile; fileRef = FB7FAFCD1D140EEC009EF911 /* Assets.xcassets */; };
		FB7FAFD11D140EEC009EF911 /* LaunchScreen.storyboard in Resources */ = {isa = PBXBuildFile; fileRef = FB7FAFCF1D140EEC009EF911 /* LaunchScreen.storyboard */; };
/* End PBXBuildFile section */

/* Begin PBXContainerItemProxy section */
		F910F3FE1D184E64007E5C72 /* PBXContainerItemProxy */ = {
			isa = PBXContainerItemProxy;
			containerPortal = F910F3F41D184E64007E5C72 /* Alamofire.xcodeproj */;
			proxyType = 2;
			remoteGlobalIDString = F8111E3319A95C8B0040E7D1;
			remoteInfo = "Alamofire iOS";
		};
		F910F4001D184E64007E5C72 /* PBXContainerItemProxy */ = {
			isa = PBXContainerItemProxy;
			containerPortal = F910F3F41D184E64007E5C72 /* Alamofire.xcodeproj */;
			proxyType = 2;
			remoteGlobalIDString = F8111E3E19A95C8B0040E7D1;
			remoteInfo = "Alamofire iOS Tests";
		};
		F910F4021D184E64007E5C72 /* PBXContainerItemProxy */ = {
			isa = PBXContainerItemProxy;
			containerPortal = F910F3F41D184E64007E5C72 /* Alamofire.xcodeproj */;
			proxyType = 2;
			remoteGlobalIDString = 4DD67C0B1A5C55C900ED2280;
			remoteInfo = "Alamofire OSX";
		};
		F910F4041D184E64007E5C72 /* PBXContainerItemProxy */ = {
			isa = PBXContainerItemProxy;
			containerPortal = F910F3F41D184E64007E5C72 /* Alamofire.xcodeproj */;
			proxyType = 2;
			remoteGlobalIDString = F829C6B21A7A94F100A2CD59;
			remoteInfo = "Alamofire OSX Tests";
		};
		F910F4061D184E64007E5C72 /* PBXContainerItemProxy */ = {
			isa = PBXContainerItemProxy;
			containerPortal = F910F3F41D184E64007E5C72 /* Alamofire.xcodeproj */;
			proxyType = 2;
			remoteGlobalIDString = 4CF626EF1BA7CB3E0011A099;
			remoteInfo = "Alamofire tvOS";
		};
		F910F4081D184E64007E5C72 /* PBXContainerItemProxy */ = {
			isa = PBXContainerItemProxy;
			containerPortal = F910F3F41D184E64007E5C72 /* Alamofire.xcodeproj */;
			proxyType = 2;
			remoteGlobalIDString = 4CF626F81BA7CB3E0011A099;
			remoteInfo = "Alamofire tvOS Tests";
		};
		F910F40A1D184E64007E5C72 /* PBXContainerItemProxy */ = {
			isa = PBXContainerItemProxy;
			containerPortal = F910F3F41D184E64007E5C72 /* Alamofire.xcodeproj */;
			proxyType = 2;
			remoteGlobalIDString = E4202FE01B667AA100C997FB;
			remoteInfo = "Alamofire watchOS";
		};
		F910F40C1D184F6E007E5C72 /* PBXContainerItemProxy */ = {
			isa = PBXContainerItemProxy;
			containerPortal = F910F3F41D184E64007E5C72 /* Alamofire.xcodeproj */;
			proxyType = 1;
			remoteGlobalIDString = F8111E3219A95C8B0040E7D1;
			remoteInfo = "Alamofire iOS";
		};
/* End PBXContainerItemProxy section */

/* Begin PBXCopyFilesBuildPhase section */
		F910F40E1D184F78007E5C72 /* CopyFiles */ = {
			isa = PBXCopyFilesBuildPhase;
			buildActionMask = 2147483647;
			dstPath = "";
			dstSubfolderSpec = 10;
			files = (
				F910F40F1D184FC9007E5C72 /* Alamofire.framework in CopyFiles */,
			);
			runOnlyForDeploymentPostprocessing = 0;
		};
/* End PBXCopyFilesBuildPhase section */

/* Begin PBXFileReference section */
		F910F3F41D184E64007E5C72 /* Alamofire.xcodeproj */ = {isa = PBXFileReference; lastKnownFileType = "wrapper.pb-project"; name = Alamofire.xcodeproj; path = Alamofire/Alamofire.xcodeproj; sourceTree = "<group>"; };
		F910F4101D186454007E5C72 /* DeviceListTableViewController.swift */ = {isa = PBXFileReference; fileEncoding = 4; lastKnownFileType = sourcecode.swift; path = DeviceListTableViewController.swift; sourceTree = "<group>"; };
		F910F41C1D18749F007E5C72 /* DeviceTableCell.swift */ = {isa = PBXFileReference; fileEncoding = 4; lastKnownFileType = sourcecode.swift; path = DeviceTableCell.swift; sourceTree = "<group>"; };
		F9577CF91D17F677005F7F25 /* UIViewControllerExtentions.swift */ = {isa = PBXFileReference; fileEncoding = 4; lastKnownFileType = sourcecode.swift; path = UIViewControllerExtentions.swift; sourceTree = "<group>"; };
		F9F1405C1D19D829002DF211 /* Device.swift */ = {isa = PBXFileReference; fileEncoding = 4; lastKnownFileType = sourcecode.swift; path = Device.swift; sourceTree = "<group>"; };
		FB7FAFC01D140EEC009EF911 /* SmartHome.app */ = {isa = PBXFileReference; explicitFileType = wrapper.application; includeInIndex = 0; path = SmartHome.app; sourceTree = BUILT_PRODUCTS_DIR; };
		FB7FAFC31D140EEC009EF911 /* AppDelegate.swift */ = {isa = PBXFileReference; lastKnownFileType = sourcecode.swift; path = AppDelegate.swift; sourceTree = "<group>"; };
		FB7FAFC51D140EEC009EF911 /* LoginViewController.swift */ = {isa = PBXFileReference; lastKnownFileType = sourcecode.swift; path = LoginViewController.swift; sourceTree = "<group>"; };
		FB7FAFC81D140EEC009EF911 /* Base */ = {isa = PBXFileReference; lastKnownFileType = file.storyboard; name = Base; path = Base.lproj/Main.storyboard; sourceTree = "<group>"; };
		FB7FAFCB1D140EEC009EF911 /* SmartHome.xcdatamodel */ = {isa = PBXFileReference; lastKnownFileType = wrapper.xcdatamodel; path = SmartHome.xcdatamodel; sourceTree = "<group>"; };
		FB7FAFCD1D140EEC009EF911 /* Assets.xcassets */ = {isa = PBXFileReference; lastKnownFileType = folder.assetcatalog; path = Assets.xcassets; sourceTree = "<group>"; };
		FB7FAFD01D140EEC009EF911 /* Base */ = {isa = PBXFileReference; lastKnownFileType = file.storyboard; name = Base; path = Base.lproj/LaunchScreen.storyboard; sourceTree = "<group>"; };
		FB7FAFD21D140EEC009EF911 /* Info.plist */ = {isa = PBXFileReference; lastKnownFileType = text.plist.xml; path = Info.plist; sourceTree = "<group>"; };
/* End PBXFileReference section */

/* Begin PBXFrameworksBuildPhase section */
		FB7FAFBD1D140EEC009EF911 /* Frameworks */ = {
			isa = PBXFrameworksBuildPhase;
			buildActionMask = 2147483647;
			files = (
			);
			runOnlyForDeploymentPostprocessing = 0;
		};
/* End PBXFrameworksBuildPhase section */

/* Begin PBXGroup section */
		F910F3F51D184E64007E5C72 /* Products */ = {
			isa = PBXGroup;
			children = (
				F910F3FF1D184E64007E5C72 /* Alamofire.framework */,
				F910F4011D184E64007E5C72 /* Alamofire iOS Tests.xctest */,
				F910F4031D184E64007E5C72 /* Alamofire.framework */,
				F910F4051D184E64007E5C72 /* Alamofire OSX Tests.xctest */,
				F910F4071D184E64007E5C72 /* Alamofire.framework */,
				F910F4091D184E64007E5C72 /* Alamofire tvOS Tests.xctest */,
				F910F40B1D184E64007E5C72 /* Alamofire.framework */,
			);
			name = Products;
			sourceTree = "<group>";
		};
		FB7FAFB71D140EEC009EF911 = {
			isa = PBXGroup;
			children = (
				FB7FAFC21D140EEC009EF911 /* SmartHome */,
				FB7FAFC11D140EEC009EF911 /* Products */,
				F910F3F41D184E64007E5C72 /* Alamofire.xcodeproj */,
			);
			sourceTree = "<group>";
		};
		FB7FAFC11D140EEC009EF911 /* Products */ = {
			isa = PBXGroup;
			children = (
				FB7FAFC01D140EEC009EF911 /* SmartHome.app */,
			);
			name = Products;
			sourceTree = "<group>";
		};
		FB7FAFC21D140EEC009EF911 /* SmartHome */ = {
			isa = PBXGroup;
			children = (
				FB7FAFC31D140EEC009EF911 /* AppDelegate.swift */,
				F9577CF91D17F677005F7F25 /* UIViewControllerExtentions.swift */,
				FB7FAFCF1D140EEC009EF911 /* LaunchScreen.storyboard */,
				FB7FAFC71D140EEC009EF911 /* Main.storyboard */,
				FB7FAFCD1D140EEC009EF911 /* Assets.xcassets */,
				F910F4101D186454007E5C72 /* DeviceListTableViewController.swift */,
				FB7FAFC51D140EEC009EF911 /* LoginViewController.swift */,
				FB7FAFD21D140EEC009EF911 /* Info.plist */,
				FB7FAFCA1D140EEC009EF911 /* SmartHome.xcdatamodeld */,
				F910F41C1D18749F007E5C72 /* DeviceTableCell.swift */,
				F9F1405C1D19D829002DF211 /* Device.swift */,
			);
			path = SmartHome;
			sourceTree = "<group>";
		};
/* End PBXGroup section */

/* Begin PBXNativeTarget section */
		FB7FAFBF1D140EEC009EF911 /* SmartHome */ = {
			isa = PBXNativeTarget;
			buildConfigurationList = FB7FAFD51D140EEC009EF911 /* Build configuration list for PBXNativeTarget "SmartHome" */;
			buildPhases = (
				FB7FAFBC1D140EEC009EF911 /* Sources */,
				FB7FAFBD1D140EEC009EF911 /* Frameworks */,
				FB7FAFBE1D140EEC009EF911 /* Resources */,
				F910F40E1D184F78007E5C72 /* CopyFiles */,
			);
			buildRules = (
			);
			dependencies = (
				F910F40D1D184F6E007E5C72 /* PBXTargetDependency */,
			);
			name = SmartHome;
			productName = SmartHome;
			productReference = FB7FAFC01D140EEC009EF911 /* SmartHome.app */;
			productType = "com.apple.product-type.application";
		};
/* End PBXNativeTarget section */

/* Begin PBXProject section */
		FB7FAFB81D140EEC009EF911 /* Project object */ = {
			isa = PBXProject;
			attributes = {
				LastSwiftUpdateCheck = 0720;
				LastUpgradeCheck = 0720;
				ORGANIZATIONNAME = "omri ios";
				TargetAttributes = {
					FB7FAFBF1D140EEC009EF911 = {
						CreatedOnToolsVersion = 7.2.1;
					};
				};
			};
			buildConfigurationList = FB7FAFBB1D140EEC009EF911 /* Build configuration list for PBXProject "SmartHome" */;
			compatibilityVersion = "Xcode 3.2";
			developmentRegion = English;
			hasScannedForEncodings = 0;
			knownRegions = (
				en,
				Base,
			);
			mainGroup = FB7FAFB71D140EEC009EF911;
			productRefGroup = FB7FAFC11D140EEC009EF911 /* Products */;
			projectDirPath = "";
			projectReferences = (
				{
					ProductGroup = F910F3F51D184E64007E5C72 /* Products */;
					ProjectRef = F910F3F41D184E64007E5C72 /* Alamofire.xcodeproj */;
				},
			);
			projectRoot = "";
			targets = (
				FB7FAFBF1D140EEC009EF911 /* SmartHome */,
			);
		};
/* End PBXProject section */

/* Begin PBXReferenceProxy section */
		F910F3FF1D184E64007E5C72 /* Alamofire.framework */ = {
			isa = PBXReferenceProxy;
			fileType = wrapper.framework;
			path = Alamofire.framework;
			remoteRef = F910F3FE1D184E64007E5C72 /* PBXContainerItemProxy */;
			sourceTree = BUILT_PRODUCTS_DIR;
		};
		F910F4011D184E64007E5C72 /* Alamofire iOS Tests.xctest */ = {
			isa = PBXReferenceProxy;
			fileType = wrapper.cfbundle;
			path = "Alamofire iOS Tests.xctest";
			remoteRef = F910F4001D184E64007E5C72 /* PBXContainerItemProxy */;
			sourceTree = BUILT_PRODUCTS_DIR;
		};
		F910F4031D184E64007E5C72 /* Alamofire.framework */ = {
			isa = PBXReferenceProxy;
			fileType = wrapper.framework;
			path = Alamofire.framework;
			remoteRef = F910F4021D184E64007E5C72 /* PBXContainerItemProxy */;
			sourceTree = BUILT_PRODUCTS_DIR;
		};
		F910F4051D184E64007E5C72 /* Alamofire OSX Tests.xctest */ = {
			isa = PBXReferenceProxy;
			fileType = wrapper.cfbundle;
			path = "Alamofire OSX Tests.xctest";
			remoteRef = F910F4041D184E64007E5C72 /* PBXContainerItemProxy */;
			sourceTree = BUILT_PRODUCTS_DIR;
		};
		F910F4071D184E64007E5C72 /* Alamofire.framework */ = {
			isa = PBXReferenceProxy;
			fileType = wrapper.framework;
			path = Alamofire.framework;
			remoteRef = F910F4061D184E64007E5C72 /* PBXContainerItemProxy */;
			sourceTree = BUILT_PRODUCTS_DIR;
		};
		F910F4091D184E64007E5C72 /* Alamofire tvOS Tests.xctest */ = {
			isa = PBXReferenceProxy;
			fileType = wrapper.cfbundle;
			path = "Alamofire tvOS Tests.xctest";
			remoteRef = F910F4081D184E64007E5C72 /* PBXContainerItemProxy */;
			sourceTree = BUILT_PRODUCTS_DIR;
		};
		F910F40B1D184E64007E5C72 /* Alamofire.framework */ = {
			isa = PBXReferenceProxy;
			fileType = wrapper.framework;
			path = Alamofire.framework;
			remoteRef = F910F40A1D184E64007E5C72 /* PBXContainerItemProxy */;
			sourceTree = BUILT_PRODUCTS_DIR;
		};
/* End PBXReferenceProxy section */

/* Begin PBXResourcesBuildPhase section */
		FB7FAFBE1D140EEC009EF911 /* Resources */ = {
			isa = PBXResourcesBuildPhase;
			buildActionMask = 2147483647;
			files = (
				FB7FAFD11D140EEC009EF911 /* LaunchScreen.storyboard in Resources */,
				FB7FAFCE1D140EEC009EF911 /* Assets.xcassets in Resources */,
				FB7FAFC91D140EEC009EF911 /* Main.storyboard in Resources */,
			);
			runOnlyForDeploymentPostprocessing = 0;
		};
/* End PBXResourcesBuildPhase section */

/* Begin PBXSourcesBuildPhase section */
		FB7FAFBC1D140EEC009EF911 /* Sources */ = {
			isa = PBXSourcesBuildPhase;
			buildActionMask = 2147483647;
			files = (
				F9577CFA1D17F677005F7F25 /* UIViewControllerExtentions.swift in Sources */,
				F910F4111D186454007E5C72 /* DeviceListTableViewController.swift in Sources */,
				F910F41D1D18749F007E5C72 /* DeviceTableCell.swift in Sources */,
				FB7FAFCC1D140EEC009EF911 /* SmartHome.xcdatamodeld in Sources */,
				FB7FAFC61D140EEC009EF911 /* LoginViewController.swift in Sources */,
				F9F1405D1D19D829002DF211 /* Device.swift in Sources */,
				FB7FAFC41D140EEC009EF911 /* AppDelegate.swift in Sources */,
			);
			runOnlyForDeploymentPostprocessing = 0;
		};
/* End PBXSourcesBuildPhase section */

/* Begin PBXTargetDependency section */
		F910F40D1D184F6E007E5C72 /* PBXTargetDependency */ = {
			isa = PBXTargetDependency;
			name = "Alamofire iOS";
			targetProxy = F910F40C1D184F6E007E5C72 /* PBXContainerItemProxy */;
		};
/* End PBXTargetDependency section */

/* Begin PBXVariantGroup section */
		FB7FAFC71D140EEC009EF911 /* Main.storyboard */ = {
			isa = PBXVariantGroup;
			children = (
				FB7FAFC81D140EEC009EF911 /* Base */,
			);
			name = Main.storyboard;
			sourceTree = "<group>";
		};
		FB7FAFCF1D140EEC009EF911 /* LaunchScreen.storyboard */ = {
			isa = PBXVariantGroup;
			children = (
				FB7FAFD01D140EEC009EF911 /* Base */,
			);
			name = LaunchScreen.storyboard;
			sourceTree = "<group>";
		};
/* End PBXVariantGroup section */

/* Begin XCBuildConfiguration section */
		FB7FAFD31D140EEC009EF911 /* Debug */ = {
			isa = XCBuildConfiguration;
			buildSettings = {
				ALWAYS_SEARCH_USER_PATHS = NO;
				CLANG_CXX_LANGUAGE_STANDARD = "gnu++0x";
				CLANG_CXX_LIBRARY = "libc++";
				CLANG_ENABLE_MODULES = YES;
				CLANG_ENABLE_OBJC_ARC = YES;
				CLANG_WARN_BOOL_CONVERSION = YES;
				CLANG_WARN_CONSTANT_CONVERSION = YES;
				CLANG_WARN_DIRECT_OBJC_ISA_USAGE = YES_ERROR;
				CLANG_WARN_EMPTY_BODY = YES;
				CLANG_WARN_ENUM_CONVERSION = YES;
				CLANG_WARN_INT_CONVERSION = YES;
				CLANG_WARN_OBJC_ROOT_CLASS = YES_ERROR;
				CLANG_WARN_UNREACHABLE_CODE = YES;
				CLANG_WARN__DUPLICATE_METHOD_MATCH = YES;
				"CODE_SIGN_IDENTITY[sdk=iphoneos*]" = "iPhone Developer";
				COPY_PHASE_STRIP = NO;
				DEBUG_INFORMATION_FORMAT = dwarf;
				ENABLE_STRICT_OBJC_MSGSEND = YES;
				ENABLE_TESTABILITY = YES;
				GCC_C_LANGUAGE_STANDARD = gnu99;
				GCC_DYNAMIC_NO_PIC = NO;
				GCC_NO_COMMON_BLOCKS = YES;
				GCC_OPTIMIZATION_LEVEL = 0;
				GCC_PREPROCESSOR_DEFINITIONS = (
					"DEBUG=1",
					"$(inherited)",
				);
				GCC_WARN_64_TO_32_BIT_CONVERSION = YES;
				GCC_WARN_ABOUT_RETURN_TYPE = YES_ERROR;
				GCC_WARN_UNDECLARED_SELECTOR = YES;
				GCC_WARN_UNINITIALIZED_AUTOS = YES_AGGRESSIVE;
				GCC_WARN_UNUSED_FUNCTION = YES;
				GCC_WARN_UNUSED_VARIABLE = YES;
				IPHONEOS_DEPLOYMENT_TARGET = 9.2;
				MTL_ENABLE_DEBUG_INFO = YES;
				ONLY_ACTIVE_ARCH = YES;
				SDKROOT = iphoneos;
				SWIFT_OPTIMIZATION_LEVEL = "-Onone";
				TARGETED_DEVICE_FAMILY = "1,2";
			};
			name = Debug;
		};
		FB7FAFD41D140EEC009EF911 /* Release */ = {
			isa = XCBuildConfiguration;
			buildSettings = {
				ALWAYS_SEARCH_USER_PATHS = NO;
				CLANG_CXX_LANGUAGE_STANDARD = "gnu++0x";
				CLANG_CXX_LIBRARY = "libc++";
				CLANG_ENABLE_MODULES = YES;
				CLANG_ENABLE_OBJC_ARC = YES;
				CLANG_WARN_BOOL_CONVERSION = YES;
				CLANG_WARN_CONSTANT_CONVERSION = YES;
				CLANG_WARN_DIRECT_OBJC_ISA_USAGE = YES_ERROR;
				CLANG_WARN_EMPTY_BODY = YES;
				CLANG_WARN_ENUM_CONVERSION = YES;
				CLANG_WARN_INT_CONVERSION = YES;
				CLANG_WARN_OBJC_ROOT_CLASS = YES_ERROR;
				CLANG_WARN_UNREACHABLE_CODE = YES;
				CLANG_WARN__DUPLICATE_METHOD_MATCH = YES;
				"CODE_SIGN_IDENTITY[sdk=iphoneos*]" = "iPhone Developer";
				COPY_PHASE_STRIP = NO;
				DEBUG_INFORMATION_FORMAT = "dwarf-with-dsym";
				ENABLE_NS_ASSERTIONS = NO;
				ENABLE_STRICT_OBJC_MSGSEND = YES;
				GCC_C_LANGUAGE_STANDARD = gnu99;
				GCC_NO_COMMON_BLOCKS = YES;
				GCC_WARN_64_TO_32_BIT_CONVERSION = YES;
				GCC_WARN_ABOUT_RETURN_TYPE = YES_ERROR;
				GCC_WARN_UNDECLARED_SELECTOR = YES;
				GCC_WARN_UNINITIALIZED_AUTOS = YES_AGGRESSIVE;
				GCC_WARN_UNUSED_FUNCTION = YES;
				GCC_WARN_UNUSED_VARIABLE = YES;
				IPHONEOS_DEPLOYMENT_TARGET = 9.2;
				MTL_ENABLE_DEBUG_INFO = NO;
				SDKROOT = iphoneos;
				TARGETED_DEVICE_FAMILY = "1,2";
				VALIDATE_PRODUCT = YES;
			};
			name = Release;
		};
		FB7FAFD61D140EEC009EF911 /* Debug */ = {
			isa = XCBuildConfiguration;
			buildSettings = {
				ASSETCATALOG_COMPILER_APPICON_NAME = AppIcon;
				INFOPLIST_FILE = SmartHome/Info.plist;
				LD_RUNPATH_SEARCH_PATHS = "$(inherited) @executable_path/Frameworks";
				PRODUCT_BUNDLE_IDENTIFIER = omri.SmartHome;
				PRODUCT_NAME = "$(TARGET_NAME)";
			};
			name = Debug;
		};
		FB7FAFD71D140EEC009EF911 /* Release */ = {
			isa = XCBuildConfiguration;
			buildSettings = {
				ASSETCATALOG_COMPILER_APPICON_NAME = AppIcon;
				INFOPLIST_FILE = SmartHome/Info.plist;
				LD_RUNPATH_SEARCH_PATHS = "$(inherited) @executable_path/Frameworks";
				PRODUCT_BUNDLE_IDENTIFIER = omri.SmartHome;
				PRODUCT_NAME = "$(TARGET_NAME)";
			};
			name = Release;
		};
/* End XCBuildConfiguration section */

/* Begin XCConfigurationList section */
		FB7FAFBB1D140EEC009EF911 /* Build configuration list for PBXProject "SmartHome" */ = {
			isa = XCConfigurationList;
			buildConfigurations = (
				FB7FAFD31D140EEC009EF911 /* Debug */,
				FB7FAFD41D140EEC009EF911 /* Release */,
			);
			defaultConfigurationIsVisible = 0;
			defaultConfigurationName = Release;
		};
		FB7FAFD51D140EEC009EF911 /* Build configuration list for PBXNativeTarget "SmartHome" */ = {
			isa = XCConfigurationList;
			buildConfigurations = (
				FB7FAFD61D140EEC009EF911 /* Debug */,
				FB7FAFD71D140EEC009EF911 /* Release */,
			);
			defaultConfigurationIsVisible = 0;
			defaultConfigurationName = Release;
		};
/* End XCConfigurationList section */

/* Begin XCVersionGroup section */
		FB7FAFCA1D140EEC009EF911 /* SmartHome.xcdatamodeld */ = {
			isa = XCVersionGroup;
			children = (
				FB7FAFCB1D140EEC009EF911 /* SmartHome.xcdatamodel */,
			);
			currentVersion = FB7FAFCB1D140EEC009EF911 /* SmartHome.xcdatamodel */;
			path = SmartHome.xcdatamodeld;
			sourceTree = "<group>";
			versionGroupType = wrapper.xcdatamodel;
		};
/* End XCVersionGroup section */
	};
	rootObject = FB7FAFB81D140EEC009EF911 /* Project object */;
}
